
Microsoft Visual Studio Solution File, Format Version 12.00
# Visual Studio Version 16
VisualStudioVersion = 16.0.33801.447
MinimumVisualStudioVersion = 10.0.40219.1
Project("{FAE04EC0-301F-11D3-BF4B-00C04F79EFBC}") = "diagnostico de back end", "diagnostico de back end\diagnostico de back end.csproj", "{B7203DB3-4AD3-4836-88E5-99A695BFAFCB}"
EndProject
Global
	GlobalSection(SolutionConfigurationPlatforms) = preSolution
		Debug|Any CPU = Debug|Any CPU
		Release|Any CPU = Release|Any CPU
	EndGlobalSection
	GlobalSection(ProjectConfigurationPlatforms) = postSolution
		{B7203DB3-4AD3-4836-88E5-99A695BFAFCB}.Debug|Any CPU.ActiveCfg = Debug|Any CPU
		{B7203DB3-4AD3-4836-88E5-99A695BFAFCB}.Debug|Any CPU.Build.0 = Debug|Any CPU
		{B7203DB3-4AD3-4836-88E5-99A695BFAFCB}.Release|Any CPU.ActiveCfg = Release|Any CPU
		{B7203DB3-4AD3-4836-88E5-99A695BFAFCB}.Release|Any CPU.Build.0 = Release|Any CPU
	EndGlobalSection
	GlobalSection(SolutionProperties) = preSolution
		HideSolutionNode = FALSE
	EndGlobalSection
	GlobalSection(ExtensibilityGlobals) = postSolution
		SolutionGuid = {3AD2CF9B-847E-4EFE-A124-CA5440E8987A}
	EndGlobalSection
EndGlobal
